
Microsoft Visual Studio Solution File, Format Version 12.00
# Visual Studio 15
Project("{D954291E-2A0B-460D-934E-DC6B0785DB48}") = "Statcast", "Statcast\Statcast.shproj", "{840B6679-3EE6-45C6-BA60-EA41288E9676}"
EndProject
Global
	GlobalSection(SolutionConfigurationPlatforms) = preSolution
	EndGlobalSection
	GlobalSection(ProjectConfigurationPlatforms) = postSolution
	EndGlobalSection
EndGlobal
